// !$*UTF8*$!
{
	archiveVersion = 1;
	classes = {
	};
	objectVersion = 46;
	objects = {

/* Begin PBXBuildFile section */
		B92E317B1E4804D200848CD5 /* PageContentView.m in Sources */ = {isa = PBXBuildFile; fileRef = B92E317A1E4804D200848CD5 /* PageContentView.m */; };
		B92F0AD11E4BFAB3001F1E5B /* NSDate+NSDate_Extension.m in Sources */ = {isa = PBXBuildFile; fileRef = B92F0AD01E4BFAB3001F1E5B /* NSDate+NSDate_Extension.m */; };
		B92F0AD41E4C01ED001F1E5B /* AnchorGroup.m in Sources */ = {isa = PBXBuildFile; fileRef = B92F0AD31E4C01ED001F1E5B /* AnchorGroup.m */; };
		B92F0AD71E4C03B9001F1E5B /* Anchor.m in Sources */ = {isa = PBXBuildFile; fileRef = B92F0AD61E4C03B9001F1E5B /* Anchor.m */; };
		B949B90883783258A4CD6FE7 /* libPods-DouYuTV.a in Frameworks */ = {isa = PBXBuildFile; fileRef = BC8D91C5257466520B414368 /* libPods-DouYuTV.a */; };
		B94DAB2A1E4575D800E14B56 /* main.m in Sources */ = {isa = PBXBuildFile; fileRef = B94DAB291E4575D800E14B56 /* main.m */; };
		B94DAB2D1E4575D800E14B56 /* AppDelegate.m in Sources */ = {isa = PBXBuildFile; fileRef = B94DAB2C1E4575D800E14B56 /* AppDelegate.m */; };
		B94DAB331E4575D800E14B56 /* Main.storyboard in Resources */ = {isa = PBXBuildFile; fileRef = B94DAB311E4575D800E14B56 /* Main.storyboard */; };
		B94DAB351E4575D800E14B56 /* Assets.xcassets in Resources */ = {isa = PBXBuildFile; fileRef = B94DAB341E4575D800E14B56 /* Assets.xcassets */; };
		B94DAB381E4575D800E14B56 /* LaunchScreen.storyboard in Resources */ = {isa = PBXBuildFile; fileRef = B94DAB361E4575D800E14B56 /* LaunchScreen.storyboard */; };
		B94DAB4C1E4590A600E14B56 /* Home.storyboard in Resources */ = {isa = PBXBuildFile; fileRef = B94DAB4A1E4590A600E14B56 /* Home.storyboard */; };
		B94DAB4E1E4590C700E14B56 /* Live.storyboard in Resources */ = {isa = PBXBuildFile; fileRef = B94DAB4D1E4590C700E14B56 /* Live.storyboard */; };
		B94DAB511E4590DB00E14B56 /* Follow.storyboard in Resources */ = {isa = PBXBuildFile; fileRef = B94DAB4F1E4590DB00E14B56 /* Follow.storyboard */; };
		B94DAB531E4590EF00E14B56 /* Profile.storyboard in Resources */ = {isa = PBXBuildFile; fileRef = B94DAB521E4590EF00E14B56 /* Profile.storyboard */; };
		B96D335E1E4D47EB00685538 /* RecommandCycleView.m in Sources */ = {isa = PBXBuildFile; fileRef = B96D335D1E4D47EB00685538 /* RecommandCycleView.m */; };
		B96D33601E4D47FC00685538 /* RecommandCycleView.xib in Resources */ = {isa = PBXBuildFile; fileRef = B96D335F1E4D47FC00685538 /* RecommandCycleView.xib */; };
		B96D33631E4D636300685538 /* CycleModel.m in Sources */ = {isa = PBXBuildFile; fileRef = B96D33621E4D636300685538 /* CycleModel.m */; };
		B96D33671E4D683800685538 /* CollectionCycleCell.m in Sources */ = {isa = PBXBuildFile; fileRef = B96D33651E4D683800685538 /* CollectionCycleCell.m */; };
		B96D33681E4D683800685538 /* CollectionCycleCell.xib in Resources */ = {isa = PBXBuildFile; fileRef = B96D33661E4D683800685538 /* CollectionCycleCell.xib */; };
		B96D336B1E4D926200685538 /* RecommandGameView.m in Sources */ = {isa = PBXBuildFile; fileRef = B96D336A1E4D926200685538 /* RecommandGameView.m */; };
		B96D336D1E4D927A00685538 /* RecommandGameView.xib in Resources */ = {isa = PBXBuildFile; fileRef = B96D336C1E4D927A00685538 /* RecommandGameView.xib */; };
		B96D33711E4D9FD600685538 /* CollectionGameCell.m in Sources */ = {isa = PBXBuildFile; fileRef = B96D336F1E4D9FD600685538 /* CollectionGameCell.m */; };
		B96D33721E4D9FD600685538 /* CollectionGameCell.xib in Resources */ = {isa = PBXBuildFile; fileRef = B96D33701E4D9FD600685538 /* CollectionGameCell.xib */; };
		B9700DA71E4AFA8200B1DBC4 /* RecommandResponse.m in Sources */ = {isa = PBXBuildFile; fileRef = B9700DA61E4AFA8200B1DBC4 /* RecommandResponse.m */; };
		B9956ACF1E4C63670050ED7E /* CollectionBaseCell.m in Sources */ = {isa = PBXBuildFile; fileRef = B9956ACE1E4C63670050ED7E /* CollectionBaseCell.m */; };
		B9B94CF71E46C65D00D05454 /* MainViewController.m in Sources */ = {isa = PBXBuildFile; fileRef = B9B94CF41E46C65D00D05454 /* MainViewController.m */; };
		B9B94CFD1E46C6EF00D05454 /* HomeViewController.m in Sources */ = {isa = PBXBuildFile; fileRef = B9B94CFC1E46C6EF00D05454 /* HomeViewController.m */; };
		B9B94D011E46C7B500D05454 /* UIBarButtonItem+BSExtension.m in Sources */ = {isa = PBXBuildFile; fileRef = B9B94D001E46C7B500D05454 /* UIBarButtonItem+BSExtension.m */; };
		B9B94D051E46C97900D05454 /* UIView+Frame.m in Sources */ = {isa = PBXBuildFile; fileRef = B9B94D041E46C97900D05454 /* UIView+Frame.m */; };
		B9B94D081E46EF1B00D05454 /* Const.m in Sources */ = {isa = PBXBuildFile; fileRef = B9B94D071E46EF1B00D05454 /* Const.m */; };
		B9B94D0B1E46F64900D05454 /* PageTitlesView.m in Sources */ = {isa = PBXBuildFile; fileRef = B9B94D0A1E46F64900D05454 /* PageTitlesView.m */; };
		B9F357F01E49529700596E65 /* RecommandViewController.m in Sources */ = {isa = PBXBuildFile; fileRef = B9F357EF1E49529700596E65 /* RecommandViewController.m */; };
		B9F357FF1E49B76500596E65 /* CollectionHeaderView.m in Sources */ = {isa = PBXBuildFile; fileRef = B9F357FD1E49B76500596E65 /* CollectionHeaderView.m */; };
		B9F358001E49B76500596E65 /* CollectionHeaderView.xib in Resources */ = {isa = PBXBuildFile; fileRef = B9F357FE1E49B76500596E65 /* CollectionHeaderView.xib */; };
		B9F358041E49BEE500596E65 /* CollectionNormalCell.m in Sources */ = {isa = PBXBuildFile; fileRef = B9F358021E49BEE500596E65 /* CollectionNormalCell.m */; };
		B9F358051E49BEE500596E65 /* CollectionNormalCell.xib in Resources */ = {isa = PBXBuildFile; fileRef = B9F358031E49BEE500596E65 /* CollectionNormalCell.xib */; };
		B9F3580E1E49C61A00596E65 /* CollectionPrettyCell.m in Sources */ = {isa = PBXBuildFile; fileRef = B9F3580C1E49C61A00596E65 /* CollectionPrettyCell.m */; };
		B9F3580F1E49C61A00596E65 /* CollectionPrettyCell.xib in Resources */ = {isa = PBXBuildFile; fileRef = B9F3580D1E49C61A00596E65 /* CollectionPrettyCell.xib */; };
/* End PBXBuildFile section */

/* Begin PBXFileReference section */
		17490D03370A1DB568565E3F /* Pods-DouYuTV.debug.xcconfig */ = {isa = PBXFileReference; includeInIndex = 1; lastKnownFileType = text.xcconfig; name = "Pods-DouYuTV.debug.xcconfig"; path = "Pods/Target Support Files/Pods-DouYuTV/Pods-DouYuTV.debug.xcconfig"; sourceTree = "<group>"; };
		9122DFA7078017D642C6131A /* Pods-DouYuTV.release.xcconfig */ = {isa = PBXFileReference; includeInIndex = 1; lastKnownFileType = text.xcconfig; name = "Pods-DouYuTV.release.xcconfig"; path = "Pods/Target Support Files/Pods-DouYuTV/Pods-DouYuTV.release.xcconfig"; sourceTree = "<group>"; };
		B92E31791E4804D200848CD5 /* PageContentView.h */ = {isa = PBXFileReference; fileEncoding = 4; lastKnownFileType = sourcecode.c.h; path = PageContentView.h; sourceTree = "<group>"; };
		B92E317A1E4804D200848CD5 /* PageContentView.m */ = {isa = PBXFileReference; fileEncoding = 4; lastKnownFileType = sourcecode.c.objc; path = PageContentView.m; sourceTree = "<group>"; };
		B92F0ACF1E4BFAB3001F1E5B /* NSDate+NSDate_Extension.h */ = {isa = PBXFileReference; fileEncoding = 4; lastKnownFileType = sourcecode.c.h; path = "NSDate+NSDate_Extension.h"; sourceTree = "<group>"; };
		B92F0AD01E4BFAB3001F1E5B /* NSDate+NSDate_Extension.m */ = {isa = PBXFileReference; fileEncoding = 4; lastKnownFileType = sourcecode.c.objc; path = "NSDate+NSDate_Extension.m"; sourceTree = "<group>"; };
		B92F0AD21E4C01ED001F1E5B /* AnchorGroup.h */ = {isa = PBXFileReference; fileEncoding = 4; lastKnownFileType = sourcecode.c.h; path = AnchorGroup.h; sourceTree = "<group>"; };
		B92F0AD31E4C01ED001F1E5B /* AnchorGroup.m */ = {isa = PBXFileReference; fileEncoding = 4; lastKnownFileType = sourcecode.c.objc; path = AnchorGroup.m; sourceTree = "<group>"; };
		B92F0AD51E4C03B9001F1E5B /* Anchor.h */ = {isa = PBXFileReference; fileEncoding = 4; lastKnownFileType = sourcecode.c.h; path = Anchor.h; sourceTree = "<group>"; };
		B92F0AD61E4C03B9001F1E5B /* Anchor.m */ = {isa = PBXFileReference; fileEncoding = 4; lastKnownFileType = sourcecode.c.objc; path = Anchor.m; sourceTree = "<group>"; };
		B94DAB251E4575D800E14B56 /* DouYuTV.app */ = {isa = PBXFileReference; explicitFileType = wrapper.application; includeInIndex = 0; path = DouYuTV.app; sourceTree = BUILT_PRODUCTS_DIR; };
		B94DAB291E4575D800E14B56 /* main.m */ = {isa = PBXFileReference; lastKnownFileType = sourcecode.c.objc; path = main.m; sourceTree = "<group>"; };
		B94DAB2B1E4575D800E14B56 /* AppDelegate.h */ = {isa = PBXFileReference; lastKnownFileType = sourcecode.c.h; path = AppDelegate.h; sourceTree = "<group>"; };
		B94DAB2C1E4575D800E14B56 /* AppDelegate.m */ = {isa = PBXFileReference; lastKnownFileType = sourcecode.c.objc; path = AppDelegate.m; sourceTree = "<group>"; };
		B94DAB321E4575D800E14B56 /* Base */ = {isa = PBXFileReference; lastKnownFileType = file.storyboard; name = Base; path = Base.lproj/Main.storyboard; sourceTree = "<group>"; };
		B94DAB341E4575D800E14B56 /* Assets.xcassets */ = {isa = PBXFileReference; lastKnownFileType = folder.assetcatalog; name = Assets.xcassets; path = ../Assets.xcassets; sourceTree = "<group>"; };
		B94DAB371E4575D800E14B56 /* Base */ = {isa = PBXFileReference; lastKnownFileType = file.storyboard; name = Base; path = Base.lproj/LaunchScreen.storyboard; sourceTree = "<group>"; };
		B94DAB391E4575D800E14B56 /* Info.plist */ = {isa = PBXFileReference; lastKnownFileType = text.plist.xml; path = Info.plist; sourceTree = "<group>"; };
		B94DAB4B1E4590A600E14B56 /* Base */ = {isa = PBXFileReference; lastKnownFileType = file.storyboard; name = Base; path = DouYuTV/Base.lproj/Home.storyboard; sourceTree = SOURCE_ROOT; };
		B94DAB4D1E4590C700E14B56 /* Live.storyboard */ = {isa = PBXFileReference; fileEncoding = 4; lastKnownFileType = file.storyboard; name = Live.storyboard; path = "../Main(主要)/Live.storyboard"; sourceTree = "<group>"; };
		B94DAB501E4590DB00E14B56 /* Base */ = {isa = PBXFileReference; lastKnownFileType = file.storyboard; name = Base; path = DouYuTV/Base.lproj/Follow.storyboard; sourceTree = SOURCE_ROOT; };
		B94DAB521E4590EF00E14B56 /* Profile.storyboard */ = {isa = PBXFileReference; fileEncoding = 4; lastKnownFileType = file.storyboard; name = Profile.storyboard; path = "../Main(主要)/Profile.storyboard"; sourceTree = "<group>"; };
		B96D335C1E4D47EB00685538 /* RecommandCycleView.h */ = {isa = PBXFileReference; fileEncoding = 4; lastKnownFileType = sourcecode.c.h; path = RecommandCycleView.h; sourceTree = "<group>"; };
		B96D335D1E4D47EB00685538 /* RecommandCycleView.m */ = {isa = PBXFileReference; fileEncoding = 4; lastKnownFileType = sourcecode.c.objc; path = RecommandCycleView.m; sourceTree = "<group>"; };
		B96D335F1E4D47FC00685538 /* RecommandCycleView.xib */ = {isa = PBXFileReference; fileEncoding = 4; lastKnownFileType = file.xib; path = RecommandCycleView.xib; sourceTree = "<group>"; };
		B96D33611E4D636300685538 /* CycleModel.h */ = {isa = PBXFileReference; fileEncoding = 4; lastKnownFileType = sourcecode.c.h; path = CycleModel.h; sourceTree = "<group>"; };
		B96D33621E4D636300685538 /* CycleModel.m */ = {isa = PBXFileReference; fileEncoding = 4; lastKnownFileType = sourcecode.c.objc; path = CycleModel.m; sourceTree = "<group>"; };
		B96D33641E4D683800685538 /* CollectionCycleCell.h */ = {isa = PBXFileReference; fileEncoding = 4; lastKnownFileType = sourcecode.c.h; path = CollectionCycleCell.h; sourceTree = "<group>"; };
		B96D33651E4D683800685538 /* CollectionCycleCell.m */ = {isa = PBXFileReference; fileEncoding = 4; lastKnownFileType = sourcecode.c.objc; path = CollectionCycleCell.m; sourceTree = "<group>"; };
		B96D33661E4D683800685538 /* CollectionCycleCell.xib */ = {isa = PBXFileReference; fileEncoding = 4; lastKnownFileType = file.xib; path = CollectionCycleCell.xib; sourceTree = "<group>"; };
		B96D33691E4D926200685538 /* RecommandGameView.h */ = {isa = PBXFileReference; fileEncoding = 4; lastKnownFileType = sourcecode.c.h; path = RecommandGameView.h; sourceTree = "<group>"; };
		B96D336A1E4D926200685538 /* RecommandGameView.m */ = {isa = PBXFileReference; fileEncoding = 4; lastKnownFileType = sourcecode.c.objc; path = RecommandGameView.m; sourceTree = "<group>"; };
		B96D336C1E4D927A00685538 /* RecommandGameView.xib */ = {isa = PBXFileReference; fileEncoding = 4; lastKnownFileType = file.xib; path = RecommandGameView.xib; sourceTree = "<group>"; };
		B96D336E1E4D9FD600685538 /* CollectionGameCell.h */ = {isa = PBXFileReference; fileEncoding = 4; lastKnownFileType = sourcecode.c.h; path = CollectionGameCell.h; sourceTree = "<group>"; };
		B96D336F1E4D9FD600685538 /* CollectionGameCell.m */ = {isa = PBXFileReference; fileEncoding = 4; lastKnownFileType = sourcecode.c.objc; path = CollectionGameCell.m; sourceTree = "<group>"; };
		B96D33701E4D9FD600685538 /* CollectionGameCell.xib */ = {isa = PBXFileReference; fileEncoding = 4; lastKnownFileType = file.xib; path = CollectionGameCell.xib; sourceTree = "<group>"; };
		B9700DA51E4AFA8200B1DBC4 /* RecommandResponse.h */ = {isa = PBXFileReference; fileEncoding = 4; lastKnownFileType = sourcecode.c.h; path = RecommandResponse.h; sourceTree = "<group>"; };
		B9700DA61E4AFA8200B1DBC4 /* RecommandResponse.m */ = {isa = PBXFileReference; fileEncoding = 4; lastKnownFileType = sourcecode.c.objc; path = RecommandResponse.m; sourceTree = "<group>"; };
		B9956ACD1E4C63670050ED7E /* CollectionBaseCell.h */ = {isa = PBXFileReference; fileEncoding = 4; lastKnownFileType = sourcecode.c.h; path = CollectionBaseCell.h; sourceTree = "<group>"; };
		B9956ACE1E4C63670050ED7E /* CollectionBaseCell.m */ = {isa = PBXFileReference; fileEncoding = 4; lastKnownFileType = sourcecode.c.objc; path = CollectionBaseCell.m; sourceTree = "<group>"; };
		B9B94CF31E46C65D00D05454 /* MainViewController.h */ = {isa = PBXFileReference; fileEncoding = 4; lastKnownFileType = sourcecode.c.h; path = MainViewController.h; sourceTree = "<group>"; };
		B9B94CF41E46C65D00D05454 /* MainViewController.m */ = {isa = PBXFileReference; fileEncoding = 4; lastKnownFileType = sourcecode.c.objc; path = MainViewController.m; sourceTree = "<group>"; };
		B9B94CFB1E46C6EF00D05454 /* HomeViewController.h */ = {isa = PBXFileReference; fileEncoding = 4; lastKnownFileType = sourcecode.c.h; path = HomeViewController.h; sourceTree = "<group>"; };
		B9B94CFC1E46C6EF00D05454 /* HomeViewController.m */ = {isa = PBXFileReference; fileEncoding = 4; lastKnownFileType = sourcecode.c.objc; path = HomeViewController.m; sourceTree = "<group>"; };
		B9B94CFF1E46C7B500D05454 /* UIBarButtonItem+BSExtension.h */ = {isa = PBXFileReference; fileEncoding = 4; lastKnownFileType = sourcecode.c.h; path = "UIBarButtonItem+BSExtension.h"; sourceTree = "<group>"; };
		B9B94D001E46C7B500D05454 /* UIBarButtonItem+BSExtension.m */ = {isa = PBXFileReference; fileEncoding = 4; lastKnownFileType = sourcecode.c.objc; path = "UIBarButtonItem+BSExtension.m"; sourceTree = "<group>"; };
		B9B94D021E46C8E300D05454 /* PrefixHeader.pch */ = {isa = PBXFileReference; lastKnownFileType = sourcecode.c.h; path = PrefixHeader.pch; sourceTree = "<group>"; };
		B9B94D031E46C97900D05454 /* UIView+Frame.h */ = {isa = PBXFileReference; fileEncoding = 4; lastKnownFileType = sourcecode.c.h; path = "UIView+Frame.h"; sourceTree = "<group>"; };
		B9B94D041E46C97900D05454 /* UIView+Frame.m */ = {isa = PBXFileReference; fileEncoding = 4; lastKnownFileType = sourcecode.c.objc; path = "UIView+Frame.m"; sourceTree = "<group>"; };
		B9B94D061E46EF1B00D05454 /* Const.h */ = {isa = PBXFileReference; fileEncoding = 4; lastKnownFileType = sourcecode.c.h; path = Const.h; sourceTree = "<group>"; };
		B9B94D071E46EF1B00D05454 /* Const.m */ = {isa = PBXFileReference; fileEncoding = 4; lastKnownFileType = sourcecode.c.objc; path = Const.m; sourceTree = "<group>"; };
		B9B94D091E46F64900D05454 /* PageTitlesView.h */ = {isa = PBXFileReference; fileEncoding = 4; lastKnownFileType = sourcecode.c.h; path = PageTitlesView.h; sourceTree = "<group>"; };
		B9B94D0A1E46F64900D05454 /* PageTitlesView.m */ = {isa = PBXFileReference; fileEncoding = 4; lastKnownFileType = sourcecode.c.objc; path = PageTitlesView.m; sourceTree = "<group>"; };
		B9F357EE1E49529700596E65 /* RecommandViewController.h */ = {isa = PBXFileReference; fileEncoding = 4; lastKnownFileType = sourcecode.c.h; path = RecommandViewController.h; sourceTree = "<group>"; };
		B9F357EF1E49529700596E65 /* RecommandViewController.m */ = {isa = PBXFileReference; fileEncoding = 4; lastKnownFileType = sourcecode.c.objc; path = RecommandViewController.m; sourceTree = "<group>"; };
		B9F357FC1E49B76500596E65 /* CollectionHeaderView.h */ = {isa = PBXFileReference; fileEncoding = 4; lastKnownFileType = sourcecode.c.h; path = CollectionHeaderView.h; sourceTree = "<group>"; };
		B9F357FD1E49B76500596E65 /* CollectionHeaderView.m */ = {isa = PBXFileReference; fileEncoding = 4; lastKnownFileType = sourcecode.c.objc; path = CollectionHeaderView.m; sourceTree = "<group>"; };
		B9F357FE1E49B76500596E65 /* CollectionHeaderView.xib */ = {isa = PBXFileReference; fileEncoding = 4; lastKnownFileType = file.xib; path = CollectionHeaderView.xib; sourceTree = "<group>"; };
		B9F358011E49BEE500596E65 /* CollectionNormalCell.h */ = {isa = PBXFileReference; fileEncoding = 4; lastKnownFileType = sourcecode.c.h; path = CollectionNormalCell.h; sourceTree = "<group>"; };
		B9F358021E49BEE500596E65 /* CollectionNormalCell.m */ = {isa = PBXFileReference; fileEncoding = 4; lastKnownFileType = sourcecode.c.objc; path = CollectionNormalCell.m; sourceTree = "<group>"; };
		B9F358031E49BEE500596E65 /* CollectionNormalCell.xib */ = {isa = PBXFileReference; fileEncoding = 4; lastKnownFileType = file.xib; path = CollectionNormalCell.xib; sourceTree = "<group>"; };
		B9F3580B1E49C61A00596E65 /* CollectionPrettyCell.h */ = {isa = PBXFileReference; fileEncoding = 4; lastKnownFileType = sourcecode.c.h; path = CollectionPrettyCell.h; sourceTree = "<group>"; };
		B9F3580C1E49C61A00596E65 /* CollectionPrettyCell.m */ = {isa = PBXFileReference; fileEncoding = 4; lastKnownFileType = sourcecode.c.objc; path = CollectionPrettyCell.m; sourceTree = "<group>"; };
		B9F3580D1E49C61A00596E65 /* CollectionPrettyCell.xib */ = {isa = PBXFileReference; fileEncoding = 4; lastKnownFileType = file.xib; path = CollectionPrettyCell.xib; sourceTree = "<group>"; };
		BC8D91C5257466520B414368 /* libPods-DouYuTV.a */ = {isa = PBXFileReference; explicitFileType = archive.ar; includeInIndex = 0; path = "libPods-DouYuTV.a"; sourceTree = BUILT_PRODUCTS_DIR; };
/* End PBXFileReference section */

/* Begin PBXFrameworksBuildPhase section */
		B94DAB221E4575D800E14B56 /* Frameworks */ = {
			isa = PBXFrameworksBuildPhase;
			buildActionMask = 2147483647;
			files = (
				B949B90883783258A4CD6FE7 /* libPods-DouYuTV.a in Frameworks */,
			);
			runOnlyForDeploymentPostprocessing = 0;
		};
/* End PBXFrameworksBuildPhase section */

/* Begin PBXGroup section */
		23BEC8492FB824ACDF2D00A6 /* Pods */ = {
			isa = PBXGroup;
			children = (
				17490D03370A1DB568565E3F /* Pods-DouYuTV.debug.xcconfig */,
				9122DFA7078017D642C6131A /* Pods-DouYuTV.release.xcconfig */,
			);
			name = Pods;
			sourceTree = "<group>";
		};
		B94DAB1C1E4575D800E14B56 = {
			isa = PBXGroup;
			children = (
				B94DAB271E4575D800E14B56 /* DouYuTV */,
				B94DAB261E4575D800E14B56 /* Products */,
				23BEC8492FB824ACDF2D00A6 /* Pods */,
				EC9159E7DCC26C3F1F15AC0B /* Frameworks */,
			);
			sourceTree = "<group>";
		};
		B94DAB261E4575D800E14B56 /* Products */ = {
			isa = PBXGroup;
			children = (
				B94DAB251E4575D800E14B56 /* DouYuTV.app */,
			);
			name = Products;
			sourceTree = "<group>";
		};
		B94DAB271E4575D800E14B56 /* DouYuTV */ = {
			isa = PBXGroup;
			children = (
				B94DAB461E45839200E14B56 /* Other(其他) */,
				B94DAB3F1E45833400E14B56 /* Classes */,
				B94DAB2B1E4575D800E14B56 /* AppDelegate.h */,
				B94DAB2C1E4575D800E14B56 /* AppDelegate.m */,
				B9B94D021E46C8E300D05454 /* PrefixHeader.pch */,
				B94DAB391E4575D800E14B56 /* Info.plist */,
				B94DAB281E4575D800E14B56 /* Supporting Files */,
			);
			path = DouYuTV;
			sourceTree = "<group>";
		};
		B94DAB281E4575D800E14B56 /* Supporting Files */ = {
			isa = PBXGroup;
			children = (
				B94DAB291E4575D800E14B56 /* main.m */,
			);
			name = "Supporting Files";
			sourceTree = "<group>";
		};
		B94DAB3F1E45833400E14B56 /* Classes */ = {
			isa = PBXGroup;
			children = (
				B94DAB431E45833400E14B56 /* Main(主要) */,
				B94DAB411E45833400E14B56 /* Home(首页) */,
				B94DAB421E45833400E14B56 /* Live(直播) */,
				B94DAB401E45833400E14B56 /* Follow(关注) */,
				B94DAB441E45833400E14B56 /* Profile(我) */,
				B94DAB451E45833400E14B56 /* Tool(工具) */,
			);
			path = Classes;
			sourceTree = "<group>";
		};
		B94DAB401E45833400E14B56 /* Follow(关注) */ = {
			isa = PBXGroup;
			children = (
				B94DAB4F1E4590DB00E14B56 /* Follow.storyboard */,
			);
			path = "Follow(关注)";
			sourceTree = "<group>";
		};
		B94DAB411E45833400E14B56 /* Home(首页) */ = {
			isa = PBXGroup;
			children = (
				B9B94CF81E46C69E00D05454 /* Controller */,
				B9700DA41E4AF90600B1DBC4 /* ViewModel */,
				B9B94CF91E46C69E00D05454 /* Model */,
				B9B94CFA1E46C69E00D05454 /* View */,
			);
			path = "Home(首页)";
			sourceTree = "<group>";
		};
		B94DAB421E45833400E14B56 /* Live(直播) */ = {
			isa = PBXGroup;
			children = (
				B94DAB4D1E4590C700E14B56 /* Live.storyboard */,
			);
			path = "Live(直播)";
			sourceTree = "<group>";
		};
		B94DAB431E45833400E14B56 /* Main(主要) */ = {
			isa = PBXGroup;
			children = (
				B9B94CF21E46C65D00D05454 /* Controller */,
				B9B94CF51E46C65D00D05454 /* Model */,
				B9B94CF61E46C65D00D05454 /* View */,
			);
			path = "Main(主要)";
			sourceTree = "<group>";
		};
		B94DAB441E45833400E14B56 /* Profile(我) */ = {
			isa = PBXGroup;
			children = (
				B94DAB521E4590EF00E14B56 /* Profile.storyboard */,
			);
			path = "Profile(我)";
			sourceTree = "<group>";
		};
		B94DAB451E45833400E14B56 /* Tool(工具) */ = {
			isa = PBXGroup;
			children = (
				B9B94D061E46EF1B00D05454 /* Const.h */,
				B9B94D071E46EF1B00D05454 /* Const.m */,
			);
			path = "Tool(工具)";
			sourceTree = "<group>";
		};
		B94DAB461E45839200E14B56 /* Other(其他) */ = {
			isa = PBXGroup;
			children = (
				B94DAB341E4575D800E14B56 /* Assets.xcassets */,
				B94DAB361E4575D800E14B56 /* LaunchScreen.storyboard */,
				B9B94CFE1E46C78E00D05454 /* Category */,
			);
			path = "Other(其他)";
			sourceTree = "<group>";
		};
		B9700DA41E4AF90600B1DBC4 /* ViewModel */ = {
			isa = PBXGroup;
			children = (
				B9700DA51E4AFA8200B1DBC4 /* RecommandResponse.h */,
				B9700DA61E4AFA8200B1DBC4 /* RecommandResponse.m */,
			);
			path = ViewModel;
			sourceTree = "<group>";
		};
		B9B94CF21E46C65D00D05454 /* Controller */ = {
			isa = PBXGroup;
			children = (
				B94DAB311E4575D800E14B56 /* Main.storyboard */,
				B9B94CF31E46C65D00D05454 /* MainViewController.h */,
				B9B94CF41E46C65D00D05454 /* MainViewController.m */,
			);
			path = Controller;
			sourceTree = "<group>";
		};
		B9B94CF51E46C65D00D05454 /* Model */ = {
			isa = PBXGroup;
			children = (
			);
			path = Model;
			sourceTree = "<group>";
		};
		B9B94CF61E46C65D00D05454 /* View */ = {
			isa = PBXGroup;
			children = (
				B9B94D091E46F64900D05454 /* PageTitlesView.h */,
				B9B94D0A1E46F64900D05454 /* PageTitlesView.m */,
				B92E31791E4804D200848CD5 /* PageContentView.h */,
				B92E317A1E4804D200848CD5 /* PageContentView.m */,
			);
			path = View;
			sourceTree = "<group>";
		};
		B9B94CF81E46C69E00D05454 /* Controller */ = {
			isa = PBXGroup;
			children = (
				B94DAB4A1E4590A600E14B56 /* Home.storyboard */,
				B9B94CFB1E46C6EF00D05454 /* HomeViewController.h */,
				B9B94CFC1E46C6EF00D05454 /* HomeViewController.m */,
				B9F357EE1E49529700596E65 /* RecommandViewController.h */,
				B9F357EF1E49529700596E65 /* RecommandViewController.m */,
			);
			path = Controller;
			sourceTree = "<group>";
		};
		B9B94CF91E46C69E00D05454 /* Model */ = {
			isa = PBXGroup;
			children = (
				B92F0AD21E4C01ED001F1E5B /* AnchorGroup.h */,
				B92F0AD31E4C01ED001F1E5B /* AnchorGroup.m */,
				B92F0AD51E4C03B9001F1E5B /* Anchor.h */,
				B92F0AD61E4C03B9001F1E5B /* Anchor.m */,
				B96D33611E4D636300685538 /* CycleModel.h */,
				B96D33621E4D636300685538 /* CycleModel.m */,
			);
			path = Model;
			sourceTree = "<group>";
		};
		B9B94CFA1E46C69E00D05454 /* View */ = {
			isa = PBXGroup;
			children = (
				B9F357FC1E49B76500596E65 /* CollectionHeaderView.h */,
				B9F357FD1E49B76500596E65 /* CollectionHeaderView.m */,
				B9F357FE1E49B76500596E65 /* CollectionHeaderView.xib */,
				B9956ACD1E4C63670050ED7E /* CollectionBaseCell.h */,
				B9956ACE1E4C63670050ED7E /* CollectionBaseCell.m */,
				B9F358011E49BEE500596E65 /* CollectionNormalCell.h */,
				B9F358021E49BEE500596E65 /* CollectionNormalCell.m */,
				B9F358031E49BEE500596E65 /* CollectionNormalCell.xib */,
				B9F3580B1E49C61A00596E65 /* CollectionPrettyCell.h */,
				B9F3580C1E49C61A00596E65 /* CollectionPrettyCell.m */,
				B9F3580D1E49C61A00596E65 /* CollectionPrettyCell.xib */,
				B96D335C1E4D47EB00685538 /* RecommandCycleView.h */,
				B96D335D1E4D47EB00685538 /* RecommandCycleView.m */,
				B96D335F1E4D47FC00685538 /* RecommandCycleView.xib */,
				B96D33641E4D683800685538 /* CollectionCycleCell.h */,
				B96D33651E4D683800685538 /* CollectionCycleCell.m */,
				B96D33661E4D683800685538 /* CollectionCycleCell.xib */,
				B96D33691E4D926200685538 /* RecommandGameView.h */,
				B96D336A1E4D926200685538 /* RecommandGameView.m */,
				B96D336C1E4D927A00685538 /* RecommandGameView.xib */,
				B96D336E1E4D9FD600685538 /* CollectionGameCell.h */,
				B96D336F1E4D9FD600685538 /* CollectionGameCell.m */,
				B96D33701E4D9FD600685538 /* CollectionGameCell.xib */,
			);
			path = View;
			sourceTree = "<group>";
		};
		B9B94CFE1E46C78E00D05454 /* Category */ = {
			isa = PBXGroup;
			children = (
				B9B94D031E46C97900D05454 /* UIView+Frame.h */,
				B9B94D041E46C97900D05454 /* UIView+Frame.m */,
				B9B94CFF1E46C7B500D05454 /* UIBarButtonItem+BSExtension.h */,
				B9B94D001E46C7B500D05454 /* UIBarButtonItem+BSExtension.m */,
				B92F0ACF1E4BFAB3001F1E5B /* NSDate+NSDate_Extension.h */,
				B92F0AD01E4BFAB3001F1E5B /* NSDate+NSDate_Extension.m */,
			);
			path = Category;
			sourceTree = "<group>";
		};
		EC9159E7DCC26C3F1F15AC0B /* Frameworks */ = {
			isa = PBXGroup;
			children = (
				BC8D91C5257466520B414368 /* libPods-DouYuTV.a */,
			);
			name = Frameworks;
			sourceTree = "<group>";
		};
/* End PBXGroup section */

/* Begin PBXNativeTarget section */
		B94DAB241E4575D800E14B56 /* DouYuTV */ = {
			isa = PBXNativeTarget;
			buildConfigurationList = B94DAB3C1E4575D800E14B56 /* Build configuration list for PBXNativeTarget "DouYuTV" */;
			buildPhases = (
				84C2B970E4CCD40FD9102EDA /* [CP] Check Pods Manifest.lock */,
				B94DAB211E4575D800E14B56 /* Sources */,
				B94DAB221E4575D800E14B56 /* Frameworks */,
				B94DAB231E4575D800E14B56 /* Resources */,
				7B068E6266D0DF41DBF80438 /* [CP] Embed Pods Frameworks */,
				575DBB690D8412D1EF2DFAE5 /* [CP] Copy Pods Resources */,
			);
			buildRules = (
			);
			dependencies = (
			);
			name = DouYuTV;
			productName = DouYuTV;
			productReference = B94DAB251E4575D800E14B56 /* DouYuTV.app */;
			productType = "com.apple.product-type.application";
		};
/* End PBXNativeTarget section */

/* Begin PBXProject section */
		B94DAB1D1E4575D800E14B56 /* Project object */ = {
			isa = PBXProject;
			attributes = {
				LastUpgradeCheck = 0820;
				ORGANIZATIONNAME = emiyajin;
				TargetAttributes = {
					B94DAB241E4575D800E14B56 = {
						CreatedOnToolsVersion = 8.2;
						ProvisioningStyle = Automatic;
					};
				};
			};
			buildConfigurationList = B94DAB201E4575D800E14B56 /* Build configuration list for PBXProject "DouYuTV" */;
			compatibilityVersion = "Xcode 3.2";
			developmentRegion = English;
			hasScannedForEncodings = 0;
			knownRegions = (
				en,
				Base,
			);
			mainGroup = B94DAB1C1E4575D800E14B56;
			productRefGroup = B94DAB261E4575D800E14B56 /* Products */;
			projectDirPath = "";
			projectRoot = "";
			targets = (
				B94DAB241E4575D800E14B56 /* DouYuTV */,
			);
		};
/* End PBXProject section */

/* Begin PBXResourcesBuildPhase section */
		B94DAB231E4575D800E14B56 /* Resources */ = {
			isa = PBXResourcesBuildPhase;
			buildActionMask = 2147483647;
			files = (
				B94DAB381E4575D800E14B56 /* LaunchScreen.storyboard in Resources */,
				B9F358001E49B76500596E65 /* CollectionHeaderView.xib in Resources */,
				B9F358051E49BEE500596E65 /* CollectionNormalCell.xib in Resources */,
				B94DAB351E4575D800E14B56 /* Assets.xcassets in Resources */,
				B94DAB331E4575D800E14B56 /* Main.storyboard in Resources */,
				B94DAB4E1E4590C700E14B56 /* Live.storyboard in Resources */,
				B96D33601E4D47FC00685538 /* RecommandCycleView.xib in Resources */,
				B96D33721E4D9FD600685538 /* CollectionGameCell.xib in Resources */,
				B94DAB4C1E4590A600E14B56 /* Home.storyboard in Resources */,
				B96D33681E4D683800685538 /* CollectionCycleCell.xib in Resources */,
				B9F3580F1E49C61A00596E65 /* CollectionPrettyCell.xib in Resources */,
				B94DAB531E4590EF00E14B56 /* Profile.storyboard in Resources */,
				B94DAB511E4590DB00E14B56 /* Follow.storyboard in Resources */,
				B96D336D1E4D927A00685538 /* RecommandGameView.xib in Resources */,
			);
			runOnlyForDeploymentPostprocessing = 0;
		};
/* End PBXResourcesBuildPhase section */

/* Begin PBXShellScriptBuildPhase section */
		575DBB690D8412D1EF2DFAE5 /* [CP] Copy Pods Resources */ = {
			isa = PBXShellScriptBuildPhase;
			buildActionMask = 2147483647;
			files = (
			);
			inputPaths = (
			);
			name = "[CP] Copy Pods Resources";
			outputPaths = (
			);
			runOnlyForDeploymentPostprocessing = 0;
			shellPath = /bin/sh;
			shellScript = "\"${SRCROOT}/Pods/Target Support Files/Pods-DouYuTV/Pods-DouYuTV-resources.sh\"\n";
			showEnvVarsInLog = 0;
		};
		7B068E6266D0DF41DBF80438 /* [CP] Embed Pods Frameworks */ = {
			isa = PBXShellScriptBuildPhase;
			buildActionMask = 2147483647;
			files = (
			);
			inputPaths = (
			);
			name = "[CP] Embed Pods Frameworks";
			outputPaths = (
			);
			runOnlyForDeploymentPostprocessing = 0;
			shellPath = /bin/sh;
			shellScript = "\"${SRCROOT}/Pods/Target Support Files/Pods-DouYuTV/Pods-DouYuTV-frameworks.sh\"\n";
			showEnvVarsInLog = 0;
		};
		84C2B970E4CCD40FD9102EDA /* [CP] Check Pods Manifest.lock */ = {
			isa = PBXShellScriptBuildPhase;
			buildActionMask = 2147483647;
			files = (
			);
			inputPaths = (
			);
			name = "[CP] Check Pods Manifest.lock";
			outputPaths = (
			);
			runOnlyForDeploymentPostprocessing = 0;
			shellPath = /bin/sh;
			shellScript = "diff \"${PODS_ROOT}/../Podfile.lock\" \"${PODS_ROOT}/Manifest.lock\" > /dev/null\nif [ $? != 0 ] ; then\n    # print error to STDERR\n    echo \"error: The sandbox is not in sync with the Podfile.lock. Run 'pod install' or update your CocoaPods installation.\" >&2\n    exit 1\nfi\n";
			showEnvVarsInLog = 0;
		};
/* End PBXShellScriptBuildPhase section */

/* Begin PBXSourcesBuildPhase section */
		B94DAB211E4575D800E14B56 /* Sources */ = {
			isa = PBXSourcesBuildPhase;
			buildActionMask = 2147483647;
			files = (
				B96D33631E4D636300685538 /* CycleModel.m in Sources */,
				B92F0AD41E4C01ED001F1E5B /* AnchorGroup.m in Sources */,
				B9B94D0B1E46F64900D05454 /* PageTitlesView.m in Sources */,
				B92E317B1E4804D200848CD5 /* PageContentView.m in Sources */,
				B9F358041E49BEE500596E65 /* CollectionNormalCell.m in Sources */,
				B9B94D051E46C97900D05454 /* UIView+Frame.m in Sources */,
				B9F3580E1E49C61A00596E65 /* CollectionPrettyCell.m in Sources */,
				B92F0AD11E4BFAB3001F1E5B /* NSDate+NSDate_Extension.m in Sources */,
				B96D33711E4D9FD600685538 /* CollectionGameCell.m in Sources */,
				B9700DA71E4AFA8200B1DBC4 /* RecommandResponse.m in Sources */,
				B96D33671E4D683800685538 /* CollectionCycleCell.m in Sources */,
				B94DAB2D1E4575D800E14B56 /* AppDelegate.m in Sources */,
				B92F0AD71E4C03B9001F1E5B /* Anchor.m in Sources */,
				B9B94D011E46C7B500D05454 /* UIBarButtonItem+BSExtension.m in Sources */,
				B9F357F01E49529700596E65 /* RecommandViewController.m in Sources */,
				B94DAB2A1E4575D800E14B56 /* main.m in Sources */,
				B9B94D081E46EF1B00D05454 /* Const.m in Sources */,
				B9956ACF1E4C63670050ED7E /* CollectionBaseCell.m in Sources */,
				B9B94CF71E46C65D00D05454 /* MainViewController.m in Sources */,
				B9B94CFD1E46C6EF00D05454 /* HomeViewController.m in Sources */,
				B96D335E1E4D47EB00685538 /* RecommandCycleView.m in Sources */,
				B9F357FF1E49B76500596E65 /* CollectionHeaderView.m in Sources */,
				B96D336B1E4D926200685538 /* RecommandGameView.m in Sources */,
			);
			runOnlyForDeploymentPostprocessing = 0;
		};
/* End PBXSourcesBuildPhase section */

/* Begin PBXVariantGroup section */
		B94DAB311E4575D800E14B56 /* Main.storyboard */ = {
			isa = PBXVariantGroup;
			children = (
				B94DAB321E4575D800E14B56 /* Base */,
			);
			name = Main.storyboard;
			path = ../../..;
			sourceTree = "<group>";
		};
		B94DAB361E4575D800E14B56 /* LaunchScreen.storyboard */ = {
			isa = PBXVariantGroup;
			children = (
				B94DAB371E4575D800E14B56 /* Base */,
			);
			name = LaunchScreen.storyboard;
			path = ..;
			sourceTree = "<group>";
		};
		B94DAB4A1E4590A600E14B56 /* Home.storyboard */ = {
			isa = PBXVariantGroup;
			children = (
				B94DAB4B1E4590A600E14B56 /* Base */,
			);
			name = Home.storyboard;
			path = "../../Main(主要)";
			sourceTree = "<group>";
		};
		B94DAB4F1E4590DB00E14B56 /* Follow.storyboard */ = {
			isa = PBXVariantGroup;
			children = (
				B94DAB501E4590DB00E14B56 /* Base */,
			);
			name = Follow.storyboard;
			path = "../Main(主要)";
			sourceTree = "<group>";
		};
/* End PBXVariantGroup section */

/* Begin XCBuildConfiguration section */
		B94DAB3A1E4575D800E14B56 /* Debug */ = {
			isa = XCBuildConfiguration;
			buildSettings = {
				ALWAYS_SEARCH_USER_PATHS = NO;
				CLANG_ANALYZER_NONNULL = YES;
				CLANG_CXX_LANGUAGE_STANDARD = "gnu++0x";
				CLANG_CXX_LIBRARY = "libc++";
				CLANG_ENABLE_MODULES = YES;
				CLANG_ENABLE_OBJC_ARC = YES;
				CLANG_WARN_BOOL_CONVERSION = YES;
				CLANG_WARN_CONSTANT_CONVERSION = YES;
				CLANG_WARN_DIRECT_OBJC_ISA_USAGE = YES_ERROR;
				CLANG_WARN_DOCUMENTATION_COMMENTS = YES;
				CLANG_WARN_EMPTY_BODY = YES;
				CLANG_WARN_ENUM_CONVERSION = YES;
				CLANG_WARN_INFINITE_RECURSION = YES;
				CLANG_WARN_INT_CONVERSION = YES;
				CLANG_WARN_OBJC_ROOT_CLASS = YES_ERROR;
				CLANG_WARN_SUSPICIOUS_MOVE = YES;
				CLANG_WARN_UNREACHABLE_CODE = YES;
				CLANG_WARN__DUPLICATE_METHOD_MATCH = YES;
				"CODE_SIGN_IDENTITY[sdk=iphoneos*]" = "iPhone Developer";
				COPY_PHASE_STRIP = NO;
				DEBUG_INFORMATION_FORMAT = dwarf;
				ENABLE_STRICT_OBJC_MSGSEND = YES;
				ENABLE_TESTABILITY = YES;
				GCC_C_LANGUAGE_STANDARD = gnu99;
				GCC_DYNAMIC_NO_PIC = NO;
				GCC_NO_COMMON_BLOCKS = YES;
				GCC_OPTIMIZATION_LEVEL = 0;
				GCC_PREPROCESSOR_DEFINITIONS = (
					"DEBUG=1",
					"$(inherited)",
				);
				GCC_WARN_64_TO_32_BIT_CONVERSION = YES;
				GCC_WARN_ABOUT_RETURN_TYPE = YES_ERROR;
				GCC_WARN_UNDECLARED_SELECTOR = YES;
				GCC_WARN_UNINITIALIZED_AUTOS = YES_AGGRESSIVE;
				GCC_WARN_UNUSED_FUNCTION = YES;
				GCC_WARN_UNUSED_VARIABLE = YES;
				IPHONEOS_DEPLOYMENT_TARGET = 10.2;
				MTL_ENABLE_DEBUG_INFO = YES;
				ONLY_ACTIVE_ARCH = YES;
				SDKROOT = iphoneos;
			};
			name = Debug;
		};
		B94DAB3B1E4575D800E14B56 /* Release */ = {
			isa = XCBuildConfiguration;
			buildSettings = {
				ALWAYS_SEARCH_USER_PATHS = NO;
				CLANG_ANALYZER_NONNULL = YES;
				CLANG_CXX_LANGUAGE_STANDARD = "gnu++0x";
				CLANG_CXX_LIBRARY = "libc++";
				CLANG_ENABLE_MODULES = YES;
				CLANG_ENABLE_OBJC_ARC = YES;
				CLANG_WARN_BOOL_CONVERSION = YES;
				CLANG_WARN_CONSTANT_CONVERSION = YES;
				CLANG_WARN_DIRECT_OBJC_ISA_USAGE = YES_ERROR;
				CLANG_WARN_DOCUMENTATION_COMMENTS = YES;
				CLANG_WARN_EMPTY_BODY = YES;
				CLANG_WARN_ENUM_CONVERSION = YES;
				CLANG_WARN_INFINITE_RECURSION = YES;
				CLANG_WARN_INT_CONVERSION = YES;
				CLANG_WARN_OBJC_ROOT_CLASS = YES_ERROR;
				CLANG_WARN_SUSPICIOUS_MOVE = YES;
				CLANG_WARN_UNREACHABLE_CODE = YES;
				CLANG_WARN__DUPLICATE_METHOD_MATCH = YES;
				"CODE_SIGN_IDENTITY[sdk=iphoneos*]" = "iPhone Developer";
				COPY_PHASE_STRIP = NO;
				DEBUG_INFORMATION_FORMAT = "dwarf-with-dsym";
				ENABLE_NS_ASSERTIONS = NO;
				ENABLE_STRICT_OBJC_MSGSEND = YES;
				GCC_C_LANGUAGE_STANDARD = gnu99;
				GCC_NO_COMMON_BLOCKS = YES;
				GCC_WARN_64_TO_32_BIT_CONVERSION = YES;
				GCC_WARN_ABOUT_RETURN_TYPE = YES_ERROR;
				GCC_WARN_UNDECLARED_SELECTOR = YES;
				GCC_WARN_UNINITIALIZED_AUTOS = YES_AGGRESSIVE;
				GCC_WARN_UNUSED_FUNCTION = YES;
				GCC_WARN_UNUSED_VARIABLE = YES;
				IPHONEOS_DEPLOYMENT_TARGET = 10.2;
				MTL_ENABLE_DEBUG_INFO = NO;
				SDKROOT = iphoneos;
				VALIDATE_PRODUCT = YES;
			};
			name = Release;
		};
		B94DAB3D1E4575D800E14B56 /* Debug */ = {
			isa = XCBuildConfiguration;
			baseConfigurationReference = 17490D03370A1DB568565E3F /* Pods-DouYuTV.debug.xcconfig */;
			buildSettings = {
				ASSETCATALOG_COMPILER_APPICON_NAME = AppIcon;
				ASSETCATALOG_COMPILER_LAUNCHIMAGE_NAME = LaunchImage;
				GCC_PREFIX_HEADER = DouYuTV/PrefixHeader.pch;
				INFOPLIST_FILE = DouYuTV/Info.plist;
				IPHONEOS_DEPLOYMENT_TARGET = 8.0;
				LD_RUNPATH_SEARCH_PATHS = "$(inherited) @executable_path/Frameworks";
				PRODUCT_BUNDLE_IDENTIFIER = cn.scientist.DouYuTV;
				PRODUCT_NAME = "$(TARGET_NAME)";
			};
			name = Debug;
		};
		B94DAB3E1E4575D800E14B56 /* Release */ = {
			isa = XCBuildConfiguration;
			baseConfigurationReference = 9122DFA7078017D642C6131A /* Pods-DouYuTV.release.xcconfig */;
			buildSettings = {
				ASSETCATALOG_COMPILER_APPICON_NAME = AppIcon;
				ASSETCATALOG_COMPILER_LAUNCHIMAGE_NAME = LaunchImage;
				GCC_PREFIX_HEADER = DouYuTV/PrefixHeader.pch;
				INFOPLIST_FILE = DouYuTV/Info.plist;
				IPHONEOS_DEPLOYMENT_TARGET = 8.0;
				LD_RUNPATH_SEARCH_PATHS = "$(inherited) @executable_path/Frameworks";
				PRODUCT_BUNDLE_IDENTIFIER = cn.scientist.DouYuTV;
				PRODUCT_NAME = "$(TARGET_NAME)";
			};
			name = Release;
		};
/* End XCBuildConfiguration section */

/* Begin XCConfigurationList section */
		B94DAB201E4575D800E14B56 /* Build configuration list for PBXProject "DouYuTV" */ = {
			isa = XCConfigurationList;
			buildConfigurations = (
				B94DAB3A1E4575D800E14B56 /* Debug */,
				B94DAB3B1E4575D800E14B56 /* Release */,
			);
			defaultConfigurationIsVisible = 0;
			defaultConfigurationName = Release;
		};
		B94DAB3C1E4575D800E14B56 /* Build configuration list for PBXNativeTarget "DouYuTV" */ = {
			isa = XCConfigurationList;
			buildConfigurations = (
				B94DAB3D1E4575D800E14B56 /* Debug */,
				B94DAB3E1E4575D800E14B56 /* Release */,
			);
			defaultConfigurationIsVisible = 0;
			defaultConfigurationName = Release;
		};
/* End XCConfigurationList section */
	};
	rootObject = B94DAB1D1E4575D800E14B56 /* Project object */;
}
